
Microsoft Visual Studio Solution File, Format Version 12.00
# Visual Studio Version 16
VisualStudioVersion = 16.0.32228.343
MinimumVisualStudioVersion = 10.0.40219.1
Project("{FAE04EC0-301F-11D3-BF4B-00C04F79EFBC}") = "activedirectoryService", "activedirectoryService\activedirectoryService.csproj", "{A3E0AF10-AD19-4CD2-ACFB-CE7D0FB8792B}"
EndProject
Global
	GlobalSection(SolutionConfigurationPlatforms) = preSolution
		Debug|Any CPU = Debug|Any CPU
		Release|Any CPU = Release|Any CPU
	EndGlobalSection
	GlobalSection(ProjectConfigurationPlatforms) = postSolution
		{A3E0AF10-AD19-4CD2-ACFB-CE7D0FB8792B}.Debug|Any CPU.ActiveCfg = Debug|Any CPU
		{A3E0AF10-AD19-4CD2-ACFB-CE7D0FB8792B}.Debug|Any CPU.Build.0 = Debug|Any CPU
		{A3E0AF10-AD19-4CD2-ACFB-CE7D0FB8792B}.Release|Any CPU.ActiveCfg = Release|Any CPU
		{A3E0AF10-AD19-4CD2-ACFB-CE7D0FB8792B}.Release|Any CPU.Build.0 = Release|Any CPU
	EndGlobalSection
	GlobalSection(SolutionProperties) = preSolution
		HideSolutionNode = FALSE
	EndGlobalSection
	GlobalSection(ExtensibilityGlobals) = postSolution
		SolutionGuid = {7395257F-0571-4899-B08B-FF8F33871168}
	EndGlobalSection
EndGlobal
